
Microsoft Visual Studio Solution File, Format Version 12.00
# Visual Studio Version 17
VisualStudioVersion = 17.6.33723.286
MinimumVisualStudioVersion = 10.0.40219.1
Project("{FAE04EC0-301F-11D3-BF4B-00C04F79EFBC}") = "SomaDeVetores", "SomaDeVetores\SomaDeVetores.csproj", "{D1979F87-E171-46FF-942D-8F898EE99A3D}"
EndProject
Global
	GlobalSection(SolutionConfigurationPlatforms) = preSolution
		Debug|Any CPU = Debug|Any CPU
		Release|Any CPU = Release|Any CPU
	EndGlobalSection
	GlobalSection(ProjectConfigurationPlatforms) = postSolution
		{D1979F87-E171-46FF-942D-8F898EE99A3D}.Debug|Any CPU.ActiveCfg = Debug|Any CPU
		{D1979F87-E171-46FF-942D-8F898EE99A3D}.Debug|Any CPU.Build.0 = Debug|Any CPU
		{D1979F87-E171-46FF-942D-8F898EE99A3D}.Release|Any CPU.ActiveCfg = Release|Any CPU
		{D1979F87-E171-46FF-942D-8F898EE99A3D}.Release|Any CPU.Build.0 = Release|Any CPU
	EndGlobalSection
	GlobalSection(SolutionProperties) = preSolution
		HideSolutionNode = FALSE
	EndGlobalSection
	GlobalSection(ExtensibilityGlobals) = postSolution
		SolutionGuid = {DD0F881D-248A-4FDD-B128-D7DBCCDF2105}
	EndGlobalSection
EndGlobal
